
Microsoft Visual Studio Solution File, Format Version 12.00
# Visual Studio 15
VisualStudioVersion = 15.0.27428.2037
MinimumVisualStudioVersion = 10.0.40219.1
Project("{FAE04EC0-301F-11D3-BF4B-00C04F79EFBC}") = "PoliclinicControl", "PoliclinicControl\PoliclinicControl.csproj", "{55ADC2C5-E54E-453C-9826-44146A9DCC34}"
EndProject
Global
	GlobalSection(SolutionConfigurationPlatforms) = preSolution
		Debug|Any CPU = Debug|Any CPU
		Release|Any CPU = Release|Any CPU
	EndGlobalSection
	GlobalSection(ProjectConfigurationPlatforms) = postSolution
		{55ADC2C5-E54E-453C-9826-44146A9DCC34}.Debug|Any CPU.ActiveCfg = Debug|Any CPU
		{55ADC2C5-E54E-453C-9826-44146A9DCC34}.Debug|Any CPU.Build.0 = Debug|Any CPU
		{55ADC2C5-E54E-453C-9826-44146A9DCC34}.Release|Any CPU.ActiveCfg = Release|Any CPU
		{55ADC2C5-E54E-453C-9826-44146A9DCC34}.Release|Any CPU.Build.0 = Release|Any CPU
	EndGlobalSection
	GlobalSection(SolutionProperties) = preSolution
		HideSolutionNode = FALSE
	EndGlobalSection
	GlobalSection(ExtensibilityGlobals) = postSolution
		SolutionGuid = {FEDDA60D-9CBD-470D-8CFF-45F373448993}
	EndGlobalSection
EndGlobal
